
Microsoft Visual Studio Solution File, Format Version 12.00
# Visual Studio for Mac
Project("{FAE04EC0-301F-11D3-BF4B-00C04F79EFBC}") = "PocketMonsters", "PocketMonsters.csproj", "{D4B91E43-F0FE-6B42-6B04-E9C64B1E2577}"
EndProject
Project("{FAE04EC0-301F-11D3-BF4B-00C04F79EFBC}") = "PocketMonsters.Editor", "PocketMonsters.Editor.csproj", "{A230EB35-5E79-867D-2F48-8E38186F9983}"
EndProject
Global
	GlobalSection(SolutionConfigurationPlatforms) = preSolution
		Debug|Any CPU = Debug|Any CPU
		Release|Any CPU = Release|Any CPU
	EndGlobalSection
	GlobalSection(ProjectConfigurationPlatforms) = postSolution
		{D4B91E43-F0FE-6B42-6B04-E9C64B1E2577}.Debug|Any CPU.ActiveCfg = Debug|Any CPU
		{D4B91E43-F0FE-6B42-6B04-E9C64B1E2577}.Debug|Any CPU.Build.0 = Debug|Any CPU
		{D4B91E43-F0FE-6B42-6B04-E9C64B1E2577}.Release|Any CPU.ActiveCfg = Release|Any CPU
		{D4B91E43-F0FE-6B42-6B04-E9C64B1E2577}.Release|Any CPU.Build.0 = Release|Any CPU
		{A230EB35-5E79-867D-2F48-8E38186F9983}.Debug|Any CPU.ActiveCfg = Debug|Any CPU
		{A230EB35-5E79-867D-2F48-8E38186F9983}.Debug|Any CPU.Build.0 = Debug|Any CPU
		{A230EB35-5E79-867D-2F48-8E38186F9983}.Release|Any CPU.ActiveCfg = Release|Any CPU
		{A230EB35-5E79-867D-2F48-8E38186F9983}.Release|Any CPU.Build.0 = Release|Any CPU
	EndGlobalSection
	GlobalSection(SolutionProperties) = preSolution
		HideSolutionNode = FALSE
	EndGlobalSection
	GlobalSection(MonoDevelopProperties) = preSolution
		Policies = $0
		$0.TextStylePolicy = $1
		$1.FileWidth = 120
		$1.inheritsSet = VisualStudio
		$1.inheritsScope = text/plain
		$1.scope = text/x-csharp
		$0.CSharpFormattingPolicy = $2
		$2.IndentSwitchBody = True
		$2.AnonymousMethodBraceStyle = NextLine
		$2.PropertyBraceStyle = NextLine
		$2.PropertyGetBraceStyle = NextLine
		$2.PropertySetBraceStyle = NextLine
		$2.EventBraceStyle = NextLine
		$2.EventAddBraceStyle = NextLine
		$2.EventRemoveBraceStyle = NextLine
		$2.StatementBraceStyle = NextLine
		$2.ElseNewLinePlacement = NewLine
		$2.CatchNewLinePlacement = NewLine
		$2.FinallyNewLinePlacement = NewLine
		$2.ArrayInitializerWrapping = DoNotWrap
		$2.BeforeMethodDeclarationParentheses = False
		$2.BeforeMethodCallParentheses = False
		$2.BeforeConstructorDeclarationParentheses = False
		$2.BeforeIndexerDeclarationBracket = False
		$2.BeforeDelegateDeclarationParentheses = False
		$2.AfterDelegateDeclarationParameterComma = True
		$2.NewParentheses = False
		$2.IfParentheses = False
		$2.WhileParentheses = False
		$2.ForParentheses = False
		$2.ForeachParentheses = False
		$2.CatchParentheses = False
		$2.SwitchParentheses = False
		$2.LockParentheses = False
		$2.UsingParentheses = False
		$2.SpacesBeforeBrackets = False
		$2.BlankLinesBetweenFields = 1
		$2.BlankLinesBetweenEventFields = 1
		$2.MethodCallArgumentWrapping = DoNotWrap
		$2.MethodDeclarationParameterWrapping = DoNotWrap
		$2.IndexerDeclarationParameterWrapping = DoNotWrap
		$2.IndexerArgumentWrapping = DoNotWrap
		$2.inheritsSet = Mono
		$2.inheritsScope = text/x-csharp
		$2.scope = text/x-csharp
	EndGlobalSection
EndGlobal
